
Microsoft Visual Studio Solution File, Format Version 12.00
# Visual Studio Version 17
VisualStudioVersion = 17.9.34622.214
MinimumVisualStudioVersion = 10.0.40219.1
Project("{FAE04EC0-301F-11D3-BF4B-00C04F79EFBC}") = "Task1", "Task1\Task1.csproj", "{EDB7498D-05FA-4F70-8A14-ED6F06296072}"
EndProject
Global
	GlobalSection(SolutionConfigurationPlatforms) = preSolution
		Debug|Any CPU = Debug|Any CPU
		Release|Any CPU = Release|Any CPU
	EndGlobalSection
	GlobalSection(ProjectConfigurationPlatforms) = postSolution
		{EDB7498D-05FA-4F70-8A14-ED6F06296072}.Debug|Any CPU.ActiveCfg = Debug|Any CPU
		{EDB7498D-05FA-4F70-8A14-ED6F06296072}.Debug|Any CPU.Build.0 = Debug|Any CPU
		{EDB7498D-05FA-4F70-8A14-ED6F06296072}.Release|Any CPU.ActiveCfg = Release|Any CPU
		{EDB7498D-05FA-4F70-8A14-ED6F06296072}.Release|Any CPU.Build.0 = Release|Any CPU
	EndGlobalSection
	GlobalSection(SolutionProperties) = preSolution
		HideSolutionNode = FALSE
	EndGlobalSection
	GlobalSection(ExtensibilityGlobals) = postSolution
		SolutionGuid = {123AE3CA-6461-459F-89C0-627DCE38234F}
	EndGlobalSection
EndGlobal
