
Microsoft Visual Studio Solution File, Format Version 12.00
# Visual Studio Version 17
VisualStudioVersion = 17.9.34622.214
MinimumVisualStudioVersion = 10.0.40219.1
Project("{FAE04EC0-301F-11D3-BF4B-00C04F79EFBC}") = "Task5", "Task5\Task5.csproj", "{20BFBF83-1BD8-4998-B8C9-C2B7F53C6854}"
EndProject
Global
	GlobalSection(SolutionConfigurationPlatforms) = preSolution
		Debug|Any CPU = Debug|Any CPU
		Release|Any CPU = Release|Any CPU
	EndGlobalSection
	GlobalSection(ProjectConfigurationPlatforms) = postSolution
		{20BFBF83-1BD8-4998-B8C9-C2B7F53C6854}.Debug|Any CPU.ActiveCfg = Debug|Any CPU
		{20BFBF83-1BD8-4998-B8C9-C2B7F53C6854}.Debug|Any CPU.Build.0 = Debug|Any CPU
		{20BFBF83-1BD8-4998-B8C9-C2B7F53C6854}.Release|Any CPU.ActiveCfg = Release|Any CPU
		{20BFBF83-1BD8-4998-B8C9-C2B7F53C6854}.Release|Any CPU.Build.0 = Release|Any CPU
	EndGlobalSection
	GlobalSection(SolutionProperties) = preSolution
		HideSolutionNode = FALSE
	EndGlobalSection
	GlobalSection(ExtensibilityGlobals) = postSolution
		SolutionGuid = {58B48F0E-1913-4F7C-AC90-F9F45B479AAA}
	EndGlobalSection
EndGlobal
